Microsoft Visual Studio Solution File, Format Version 12.00
# Visual Studio Version 17
VisualStudioVersion = 17.0.31903.59
MinimumVisualStudioVersion = 10.0.40219.1
Project("{FAE04EC0-301F-11D3-BF4B-00C04F79EFBC}") = "FeedbackAnalytics.Domain", "src\FeedbackAnalytics.Domain\FeedbackAnalytics.Domain.csproj", "{1A8B4044-10E5-4EA3-A023-660780D13E1D}"
EndProject
Project("{FAE04EC0-301F-11D3-BF4B-00C04F79EFBC}") = "FeedbackAnalytics.Application", "src\FeedbackAnalytics.Application\FeedbackAnalytics.Application.csproj", "{63DB9A66-F8BC-4693-BB4A-35448E35B18E}"
EndProject
Project("{FAE04EC0-301F-11D3-BF4B-00C04F79EFBC}") = "FeedbackAnalytics.Infrastructure", "src\FeedbackAnalytics.Infrastructure\FeedbackAnalytics.Infrastructure.csproj", "{459E4C02-7B3B-49F5-91DA-7CD2C9AC02DE}"
EndProject
Project("{FAE04EC0-301F-11D3-BF4B-00C04F79EFBC}") = "FeedbackAnalytics.Worker", "src\FeedbackAnalytics.Worker\FeedbackAnalytics.Worker.csproj", "{6623312C-49F1-4D9A-A1E5-DF8E85361FC4}"
EndProject
Global
	GlobalSection(SolutionConfigurationPlatforms) = preSolution
		Debug|Any CPU = Debug|Any CPU
		Release|Any CPU = Release|Any CPU
	EndGlobalSection
	GlobalSection(ProjectConfigurationPlatforms) = postSolution
		{1A8B4044-10E5-4EA3-A023-660780D13E1D}.Debug|Any CPU.ActiveCfg = Debug|Any CPU
		{1A8B4044-10E5-4EA3-A023-660780D13E1D}.Debug|Any CPU.Build.0 = Debug|Any CPU
		{1A8B4044-10E5-4EA3-A023-660780D13E1D}.Release|Any CPU.ActiveCfg = Release|Any CPU
		{1A8B4044-10E5-4EA3-A023-660780D13E1D}.Release|Any CPU.Build.0 = Release|Any CPU
		{63DB9A66-F8BC-4693-BB4A-35448E35B18E}.Debug|Any CPU.ActiveCfg = Debug|Any CPU
		{63DB9A66-F8BC-4693-BB4A-35448E35B18E}.Debug|Any CPU.Build.0 = Debug|Any CPU
		{63DB9A66-F8BC-4693-BB4A-35448E35B18E}.Release|Any CPU.ActiveCfg = Release|Any CPU
		{63DB9A66-F8BC-4693-BB4A-35448E35B18E}.Release|Any CPU.Build.0 = Release|Any CPU
		{459E4C02-7B3B-49F5-91DA-7CD2C9AC02DE}.Debug|Any CPU.ActiveCfg = Debug|Any CPU
		{459E4C02-7B3B-49F5-91DA-7CD2C9AC02DE}.Debug|Any CPU.Build.0 = Debug|Any CPU
		{459E4C02-7B3B-49F5-91DA-7CD2C9AC02DE}.Release|Any CPU.ActiveCfg = Release|Any CPU
		{459E4C02-7B3B-49F5-91DA-7CD2C9AC02DE}.Release|Any CPU.Build.0 = Release|Any CPU
		{6623312C-49F1-4D9A-A1E5-DF8E85361FC4}.Debug|Any CPU.ActiveCfg = Debug|Any CPU
		{6623312C-49F1-4D9A-A1E5-DF8E85361FC4}.Debug|Any CPU.Build.0 = Debug|Any CPU
		{6623312C-49F1-4D9A-A1E5-DF8E85361FC4}.Release|Any CPU.ActiveCfg = Release|Any CPU
		{6623312C-49F1-4D9A-A1E5-DF8E85361FC4}.Release|Any CPU.Build.0 = Release|Any CPU
	EndGlobalSection
EndGlobal
